
Microsoft Visual Studio Solution File, Format Version 12.00
# Visual Studio Version 17
VisualStudioVersion = 17.7.34221.43
MinimumVisualStudioVersion = 10.0.40219.1
Project("{9A19103F-16F7-4668-BE54-9A1E7A4F7556}") = "SPU", "SPU.csproj", "{9C3B3750-E440-4163-A9A3-602FE4D0733F}"
EndProject
Global
	GlobalSection(SolutionConfigurationPlatforms) = preSolution
		Debug|Any CPU = Debug|Any CPU
		Release|Any CPU = Release|Any CPU
	EndGlobalSection
	GlobalSection(ProjectConfigurationPlatforms) = postSolution
		{9C3B3750-E440-4163-A9A3-602FE4D0733F}.Debug|Any CPU.ActiveCfg = Debug|Any CPU
		{9C3B3750-E440-4163-A9A3-602FE4D0733F}.Debug|Any CPU.Build.0 = Debug|Any CPU
		{9C3B3750-E440-4163-A9A3-602FE4D0733F}.Release|Any CPU.ActiveCfg = Release|Any CPU
		{9C3B3750-E440-4163-A9A3-602FE4D0733F}.Release|Any CPU.Build.0 = Release|Any CPU
	EndGlobalSection
	GlobalSection(SolutionProperties) = preSolution
		HideSolutionNode = FALSE
	EndGlobalSection
	GlobalSection(ExtensibilityGlobals) = postSolution
		SolutionGuid = {3F9502D5-DAB0-4B82-9DE5-D59FBC9E4D19}
	EndGlobalSection
EndGlobal
